// !$*UTF8*$!
{
	archiveVersion = 1;
	classes = {
	};
	objectVersion = 51;
	objects = {

/* Begin PBXBuildFile section */
		4EF86FED22BD206200865D94 /* Data.swift in Sources */ = {isa = PBXBuildFile; fileRef = 4EF86FEC22BD206200865D94 /* Data.swift */; };
		FD14783C86D9A6A12D7A23A9 /* Pods_News_App.framework in Frameworks */ = {isa = PBXBuildFile; fileRef = 0B3D1693823755896713C819 /* Pods_News_App.framework */; };
		FE2CEADF20F96F2B00E6B482 /* AppDelegate.swift in Sources */ = {isa = PBXBuildFile; fileRef = FE2CEADE20F96F2B00E6B482 /* AppDelegate.swift */; };
		FE2CEAE120F96F2B00E6B482 /* NewsVC.swift in Sources */ = {isa = PBXBuildFile; fileRef = FE2CEAE020F96F2B00E6B482 /* NewsVC.swift */; };
		FE2CEAE420F96F2B00E6B482 /* Main.storyboard in Resources */ = {isa = PBXBuildFile; fileRef = FE2CEAE220F96F2B00E6B482 /* Main.storyboard */; };
		FE2CEAE620F96F2E00E6B482 /* Assets.xcassets in Resources */ = {isa = PBXBuildFile; fileRef = FE2CEAE520F96F2E00E6B482 /* Assets.xcassets */; };
		FE2CEAE920F96F2E00E6B482 /* LaunchScreen.storyboard in Resources */ = {isa = PBXBuildFile; fileRef = FE2CEAE720F96F2E00E6B482 /* LaunchScreen.storyboard */; };
		FE2CEAF120F978A500E6B482 /* NewsCell.swift in Sources */ = {isa = PBXBuildFile; fileRef = FE2CEAF020F978A500E6B482 /* NewsCell.swift */; };
/* End PBXBuildFile section */

/* Begin PBXFileReference section */
		0B3D1693823755896713C819 /* Pods_News_App.framework */ = {isa = PBXFileReference; explicitFileType = wrapper.framework; includeInIndex = 0; path = Pods_News_App.framework; sourceTree = BUILT_PRODUCTS_DIR; };
		4EF86FEC22BD206200865D94 /* Data.swift */ = {isa = PBXFileReference; lastKnownFileType = sourcecode.swift; path = Data.swift; sourceTree = "<group>"; };
		75AA50F88953C0789391482F /* Pods-News-App.release.xcconfig */ = {isa = PBXFileReference; includeInIndex = 1; lastKnownFileType = text.xcconfig; name = "Pods-News-App.release.xcconfig"; path = "Pods/Target Support Files/Pods-News-App/Pods-News-App.release.xcconfig"; sourceTree = "<group>"; };
		D14F48BE9F77B8CC2978C84C /* Pods-News-App.debug.xcconfig */ = {isa = PBXFileReference; includeInIndex = 1; lastKnownFileType = text.xcconfig; name = "Pods-News-App.debug.xcconfig"; path = "Pods/Target Support Files/Pods-News-App/Pods-News-App.debug.xcconfig"; sourceTree = "<group>"; };
		FE2CEADB20F96F2B00E6B482 /* Nouvelles-News.app */ = {isa = PBXFileReference; explicitFileType = wrapper.application; includeInIndex = 0; path = "Nouvelles-News.app"; sourceTree = BUILT_PRODUCTS_DIR; };
		FE2CEADE20F96F2B00E6B482 /* AppDelegate.swift */ = {isa = PBXFileReference; lastKnownFileType = sourcecode.swift; path = AppDelegate.swift; sourceTree = "<group>"; };
		FE2CEAE020F96F2B00E6B482 /* NewsVC.swift */ = {isa = PBXFileReference; lastKnownFileType = sourcecode.swift; path = NewsVC.swift; sourceTree = "<group>"; };
		FE2CEAE320F96F2B00E6B482 /* Base */ = {isa = PBXFileReference; lastKnownFileType = file.storyboard; name = Base; path = Base.lproj/Main.storyboard; sourceTree = "<group>"; };
		FE2CEAE520F96F2E00E6B482 /* Assets.xcassets */ = {isa = PBXFileReference; lastKnownFileType = folder.assetcatalog; path = Assets.xcassets; sourceTree = "<group>"; };
		FE2CEAE820F96F2E00E6B482 /* Base */ = {isa = PBXFileReference; lastKnownFileType = file.storyboard; name = Base; path = Base.lproj/LaunchScreen.storyboard; sourceTree = "<group>"; };
		FE2CEAEA20F96F2E00E6B482 /* Info.plist */ = {isa = PBXFileReference; lastKnownFileType = text.plist.xml; path = Info.plist; sourceTree = "<group>"; };
		FE2CEAF020F978A500E6B482 /* NewsCell.swift */ = {isa = PBXFileReference; lastKnownFileType = sourcecode.swift; path = NewsCell.swift; sourceTree = "<group>"; };
/* End PBXFileReference section */

/* Begin PBXFrameworksBuildPhase section */
		FE2CEAD820F96F2B00E6B482 /* Frameworks */ = {
			isa = PBXFrameworksBuildPhase;
			buildActionMask = 2147483647;
			files = (
				FD14783C86D9A6A12D7A23A9 /* Pods_News_App.framework in Frameworks */,
			);
			runOnlyForDeploymentPostprocessing = 0;
		};
/* End PBXFrameworksBuildPhase section */

/* Begin PBXGroup section */
		42F6F44C27728E2FF83B43DE /* Pods */ = {
			isa = PBXGroup;
			children = (
				D14F48BE9F77B8CC2978C84C /* Pods-News-App.debug.xcconfig */,
				75AA50F88953C0789391482F /* Pods-News-App.release.xcconfig */,
			);
			name = Pods;
			sourceTree = "<group>";
		};
		568EE0B022BBA992008375C2 /* Model */ = {
			isa = PBXGroup;
			children = (
				4EF86FEC22BD206200865D94 /* Data.swift */,
			);
			path = Model;
			sourceTree = "<group>";
		};
		568EE0B122BBA9A2008375C2 /* View */ = {
			isa = PBXGroup;
			children = (
				FE2CEAE720F96F2E00E6B482 /* LaunchScreen.storyboard */,
				FE2CEAE220F96F2B00E6B482 /* Main.storyboard */,
			);
			path = View;
			sourceTree = "<group>";
		};
		568EE0B222BBA9AD008375C2 /* Controller */ = {
			isa = PBXGroup;
			children = (
				FE2CEAE020F96F2B00E6B482 /* NewsVC.swift */,
				FE2CEAF020F978A500E6B482 /* NewsCell.swift */,
			);
			path = Controller;
			sourceTree = "<group>";
		};
		568EE0B322BBA9C3008375C2 /* Supporting Files */ = {
			isa = PBXGroup;
			children = (
				FE2CEAE520F96F2E00E6B482 /* Assets.xcassets */,
				FE2CEADE20F96F2B00E6B482 /* AppDelegate.swift */,
				FE2CEAEA20F96F2E00E6B482 /* Info.plist */,
			);
			path = "Supporting Files";
			sourceTree = "<group>";
		};
		6E02F6AFE32FD69EFC7DFEDB /* Frameworks */ = {
			isa = PBXGroup;
			children = (
				0B3D1693823755896713C819 /* Pods_News_App.framework */,
			);
			name = Frameworks;
			sourceTree = "<group>";
		};
		FE2CEAD220F96F2B00E6B482 = {
			isa = PBXGroup;
			children = (
				FE2CEADD20F96F2B00E6B482 /* Nouvelles-News */,
				FE2CEADC20F96F2B00E6B482 /* Products */,
				42F6F44C27728E2FF83B43DE /* Pods */,
				6E02F6AFE32FD69EFC7DFEDB /* Frameworks */,
			);
			sourceTree = "<group>";
		};
		FE2CEADC20F96F2B00E6B482 /* Products */ = {
			isa = PBXGroup;
			children = (
				FE2CEADB20F96F2B00E6B482 /* Nouvelles-News.app */,
			);
			name = Products;
			sourceTree = "<group>";
		};
		FE2CEADD20F96F2B00E6B482 /* Nouvelles-News */ = {
			isa = PBXGroup;
			children = (
				568EE0B022BBA992008375C2 /* Model */,
				568EE0B122BBA9A2008375C2 /* View */,
				568EE0B222BBA9AD008375C2 /* Controller */,
				568EE0B322BBA9C3008375C2 /* Supporting Files */,
			);
			path = "Nouvelles-News";
			sourceTree = "<group>";
		};
/* End PBXGroup section */

/* Begin PBXNativeTarget section */
		FE2CEADA20F96F2B00E6B482 /* Nouvelles-News */ = {
			isa = PBXNativeTarget;
			buildConfigurationList = FE2CEAED20F96F2E00E6B482 /* Build configuration list for PBXNativeTarget "Nouvelles-News" */;
			buildPhases = (
				62FAEC381A6EEADAFC4949EC /* [CP] Check Pods Manifest.lock */,
				FE2CEAD720F96F2B00E6B482 /* Sources */,
				FE2CEAD820F96F2B00E6B482 /* Frameworks */,
				FE2CEAD920F96F2B00E6B482 /* Resources */,
				D851C534C2789AECE3E9D747 /* [CP] Embed Pods Frameworks */,
			);
			buildRules = (
			);
			dependencies = (
			);
			name = "Nouvelles-News";
			productName = "News-App";
			productReference = FE2CEADB20F96F2B00E6B482 /* Nouvelles-News.app */;
			productType = "com.apple.product-type.application";
		};
/* End PBXNativeTarget section */

/* Begin PBXProject section */
		FE2CEAD320F96F2B00E6B482 /* Project object */ = {
			isa = PBXProject;
			attributes = {
				LastSwiftUpdateCheck = 0940;
				LastUpgradeCheck = 0940;
				ORGANIZATIONNAME = "D-Tech";
				TargetAttributes = {
					FE2CEADA20F96F2B00E6B482 = {
						CreatedOnToolsVersion = 9.4.1;
						LastSwiftMigration = 1010;
					};
				};
			};
			buildConfigurationList = FE2CEAD620F96F2B00E6B482 /* Build configuration list for PBXProject "Nouvelles-News" */;
			compatibilityVersion = "Xcode 9.3";
			developmentRegion = en;
			hasScannedForEncodings = 0;
			knownRegions = (
				en,
				Base,
			);
			mainGroup = FE2CEAD220F96F2B00E6B482;
			productRefGroup = FE2CEADC20F96F2B00E6B482 /* Products */;
			projectDirPath = "";
			projectRoot = "";
			targets = (
				FE2CEADA20F96F2B00E6B482 /* Nouvelles-News */,
			);
		};
/* End PBXProject section */

/* Begin PBXResourcesBuildPhase section */
		FE2CEAD920F96F2B00E6B482 /* Resources */ = {
			isa = PBXResourcesBuildPhase;
			buildActionMask = 2147483647;
			files = (
				FE2CEAE920F96F2E00E6B482 /* LaunchScreen.storyboard in Resources */,
				FE2CEAE620F96F2E00E6B482 /* Assets.xcassets in Resources */,
				FE2CEAE420F96F2B00E6B482 /* Main.storyboard in Resources */,
			);
			runOnlyForDeploymentPostprocessing = 0;
		};
/* End PBXResourcesBuildPhase section */

/* Begin PBXShellScriptBuildPhase section */
		62FAEC381A6EEADAFC4949EC /* [CP] Check Pods Manifest.lock */ = {
			isa = PBXShellScriptBuildPhase;
			buildActionMask = 2147483647;
			files = (
			);
			inputPaths = (
				"${PODS_PODFILE_DIR_PATH}/Podfile.lock",
				"${PODS_ROOT}/Manifest.lock",
			);
			name = "[CP] Check Pods Manifest.lock";
			outputPaths = (
				"$(DERIVED_FILE_DIR)/Pods-News-App-checkManifestLockResult.txt",
			);
			runOnlyForDeploymentPostprocessing = 0;
			shellPath = /bin/sh;
			shellScript = "diff \"${PODS_PODFILE_DIR_PATH}/Podfile.lock\" \"${PODS_ROOT}/Manifest.lock\" > /dev/null\nif [ $? != 0 ] ; then\n    # print error to STDERR\n    echo \"error: The sandbox is not in sync with the Podfile.lock. Run 'pod install' or update your CocoaPods installation.\" >&2\n    exit 1\nfi\n# This output is used by Xcode 'outputs' to avoid re-running this script phase.\necho \"SUCCESS\" > \"${SCRIPT_OUTPUT_FILE_0}\"\n";
			showEnvVarsInLog = 0;
		};
		D851C534C2789AECE3E9D747 /* [CP] Embed Pods Frameworks */ = {
			isa = PBXShellScriptBuildPhase;
			buildActionMask = 2147483647;
			files = (
			);
			inputFileListPaths = (
				"${PODS_ROOT}/Target Support Files/Pods-News-App/Pods-News-App-frameworks-${CONFIGURATION}-input-files.xcfilelist",
			);
			name = "[CP] Embed Pods Frameworks";
			outputFileListPaths = (
				"${PODS_ROOT}/Target Support Files/Pods-News-App/Pods-News-App-frameworks-${CONFIGURATION}-output-files.xcfilelist",
			);
			runOnlyForDeploymentPostprocessing = 0;
			shellPath = /bin/sh;
			shellScript = "\"${PODS_ROOT}/Target Support Files/Pods-News-App/Pods-News-App-frameworks.sh\"\n";
			showEnvVarsInLog = 0;
		};
/* End PBXShellScriptBuildPhase section */

/* Begin PBXSourcesBuildPhase section */
		FE2CEAD720F96F2B00E6B482 /* Sources */ = {
			isa = PBXSourcesBuildPhase;
			buildActionMask = 2147483647;
			files = (
				FE2CEAE120F96F2B00E6B482 /* NewsVC.swift in Sources */,
				FE2CEAF120F978A500E6B482 /* NewsCell.swift in Sources */,
				FE2CEADF20F96F2B00E6B482 /* AppDelegate.swift in Sources */,
				4EF86FED22BD206200865D94 /* Data.swift in Sources */,
			);
			runOnlyForDeploymentPostprocessing = 0;
		};
/* End PBXSourcesBuildPhase section */

/* Begin PBXVariantGroup section */
		FE2CEAE220F96F2B00E6B482 /* Main.storyboard */ = {
			isa = PBXVariantGroup;
			children = (
				FE2CEAE320F96F2B00E6B482 /* Base */,
			);
			name = Main.storyboard;
			sourceTree = "<group>";
		};
		FE2CEAE720F96F2E00E6B482 /* LaunchScreen.storyboard */ = {
			isa = PBXVariantGroup;
			children = (
				FE2CEAE820F96F2E00E6B482 /* Base */,
			);
			name = LaunchScreen.storyboard;
			sourceTree = "<group>";
		};
/* End PBXVariantGroup section */

/* Begin XCBuildConfiguration section */
		FE2CEAEB20F96F2E00E6B482 /* Debug */ = {
			isa = XCBuildConfiguration;
			buildSettings = {
				ALWAYS_SEARCH_USER_PATHS = NO;
				CLANG_ANALYZER_NONNULL = YES;
				CLANG_ANALYZER_NUMBER_OBJECT_CONVERSION = YES_AGGRESSIVE;
				CLANG_CXX_LANGUAGE_STANDARD = "gnu++14";
				CLANG_CXX_LIBRARY = "libc++";
				CLANG_ENABLE_MODULES = YES;
				CLANG_ENABLE_OBJC_ARC = YES;
				CLANG_ENABLE_OBJC_WEAK = YES;
				CLANG_WARN_BLOCK_CAPTURE_AUTORELEASING = YES;
				CLANG_WARN_BOOL_CONVERSION = YES;
				CLANG_WARN_COMMA = YES;
				CLANG_WARN_CONSTANT_CONVERSION = YES;
				CLANG_WARN_DEPRECATED_OBJC_IMPLEMENTATIONS = YES;
				CLANG_WARN_DIRECT_OBJC_ISA_USAGE = YES_ERROR;
				CLANG_WARN_DOCUMENTATION_COMMENTS = YES;
				CLANG_WARN_EMPTY_BODY = YES;
				CLANG_WARN_ENUM_CONVERSION = YES;
				CLANG_WARN_INFINITE_RECURSION = YES;
				CLANG_WARN_INT_CONVERSION = YES;
				CLANG_WARN_NON_LITERAL_NULL_CONVERSION = YES;
				CLANG_WARN_OBJC_IMPLICIT_RETAIN_SELF = YES;
				CLANG_WARN_OBJC_LITERAL_CONVERSION = YES;
				CLANG_WARN_OBJC_ROOT_CLASS = YES_ERROR;
				CLANG_WARN_RANGE_LOOP_ANALYSIS = YES;
				CLANG_WARN_STRICT_PROTOTYPES = YES;
				CLANG_WARN_SUSPICIOUS_MOVE = YES;
				CLANG_WARN_UNGUARDED_AVAILABILITY = YES_AGGRESSIVE;
				CLANG_WARN_UNREACHABLE_CODE = YES;
				CLANG_WARN__DUPLICATE_METHOD_MATCH = YES;
				CODE_SIGN_IDENTITY = "iPhone Developer";
				COPY_PHASE_STRIP = NO;
				DEBUG_INFORMATION_FORMAT = dwarf;
				ENABLE_STRICT_OBJC_MSGSEND = YES;
				ENABLE_TESTABILITY = YES;
				GCC_C_LANGUAGE_STANDARD = gnu11;
				GCC_DYNAMIC_NO_PIC = NO;
				GCC_NO_COMMON_BLOCKS = YES;
				GCC_OPTIMIZATION_LEVEL = 0;
				GCC_PREPROCESSOR_DEFINITIONS = (
					"DEBUG=1",
					"$(inherited)",
				);
				GCC_WARN_64_TO_32_BIT_CONVERSION = YES;
				GCC_WARN_ABOUT_RETURN_TYPE = YES_ERROR;
				GCC_WARN_UNDECLARED_SELECTOR = YES;
				GCC_WARN_UNINITIALIZED_AUTOS = YES_AGGRESSIVE;
				GCC_WARN_UNUSED_FUNCTION = YES;
				GCC_WARN_UNUSED_VARIABLE = YES;
				IPHONEOS_DEPLOYMENT_TARGET = 11.4;
				MTL_ENABLE_DEBUG_INFO = YES;
				ONLY_ACTIVE_ARCH = YES;
				SDKROOT = iphoneos;
				SWIFT_ACTIVE_COMPILATION_CONDITIONS = DEBUG;
				SWIFT_OPTIMIZATION_LEVEL = "-Onone";
			};
			name = Debug;
		};
		FE2CEAEC20F96F2E00E6B482 /* Release */ = {
			isa = XCBuildConfiguration;
			buildSettings = {
				ALWAYS_SEARCH_USER_PATHS = NO;
				CLANG_ANALYZER_NONNULL = YES;
				CLANG_ANALYZER_NUMBER_OBJECT_CONVERSION = YES_AGGRESSIVE;
				CLANG_CXX_LANGUAGE_STANDARD = "gnu++14";
				CLANG_CXX_LIBRARY = "libc++";
				CLANG_ENABLE_MODULES = YES;
				CLANG_ENABLE_OBJC_ARC = YES;
				CLANG_ENABLE_OBJC_WEAK = YES;
				CLANG_WARN_BLOCK_CAPTURE_AUTORELEASING = YES;
				CLANG_WARN_BOOL_CONVERSION = YES;
				CLANG_WARN_COMMA = YES;
				CLANG_WARN_CONSTANT_CONVERSION = YES;
				CLANG_WARN_DEPRECATED_OBJC_IMPLEMENTATIONS = YES;
				CLANG_WARN_DIRECT_OBJC_ISA_USAGE = YES_ERROR;
				CLANG_WARN_DOCUMENTATION_COMMENTS = YES;
				CLANG_WARN_EMPTY_BODY = YES;
				CLANG_WARN_ENUM_CONVERSION = YES;
				CLANG_WARN_INFINITE_RECURSION = YES;
				CLANG_WARN_INT_CONVERSION = YES;
				CLANG_WARN_NON_LITERAL_NULL_CONVERSION = YES;
				CLANG_WARN_OBJC_IMPLICIT_RETAIN_SELF = YES;
				CLANG_WARN_OBJC_LITERAL_CONVERSION = YES;
				CLANG_WARN_OBJC_ROOT_CLASS = YES_ERROR;
				CLANG_WARN_RANGE_LOOP_ANALYSIS = YES;
				CLANG_WARN_STRICT_PROTOTYPES = YES;
				CLANG_WARN_SUSPICIOUS_MOVE = YES;
				CLANG_WARN_UNGUARDED_AVAILABILITY = YES_AGGRESSIVE;
				CLANG_WARN_UNREACHABLE_CODE = YES;
				CLANG_WARN__DUPLICATE_METHOD_MATCH = YES;
				CODE_SIGN_IDENTITY = "iPhone Developer";
				COPY_PHASE_STRIP = NO;
				DEBUG_INFORMATION_FORMAT = "dwarf-with-dsym";
				ENABLE_NS_ASSERTIONS = NO;
				ENABLE_STRICT_OBJC_MSGSEND = YES;
				GCC_C_LANGUAGE_STANDARD = gnu11;
				GCC_NO_COMMON_BLOCKS = YES;
				GCC_WARN_64_TO_32_BIT_CONVERSION = YES;
				GCC_WARN_ABOUT_RETURN_TYPE = YES_ERROR;
				GCC_WARN_UNDECLARED_SELECTOR = YES;
				GCC_WARN_UNINITIALIZED_AUTOS = YES_AGGRESSIVE;
				GCC_WARN_UNUSED_FUNCTION = YES;
				GCC_WARN_UNUSED_VARIABLE = YES;
				IPHONEOS_DEPLOYMENT_TARGET = 11.4;
				MTL_ENABLE_DEBUG_INFO = NO;
				SDKROOT = iphoneos;
				SWIFT_COMPILATION_MODE = wholemodule;
				SWIFT_OPTIMIZATION_LEVEL = "-O";
				VALIDATE_PRODUCT = YES;
			};
			name = Release;
		};
		FE2CEAEE20F96F2E00E6B482 /* Debug */ = {
			isa = XCBuildConfiguration;
			baseConfigurationReference = D14F48BE9F77B8CC2978C84C /* Pods-News-App.debug.xcconfig */;
			buildSettings = {
				ASSETCATALOG_COMPILER_APPICON_NAME = AppIcon;
				CODE_SIGN_STYLE = Automatic;
				DEVELOPMENT_TEAM = 855D46T6VW;
				INFOPLIST_FILE = "$(SRCROOT)/Nouvelles-News/Supporting Files/Info.plist";
				LD_RUNPATH_SEARCH_PATHS = (
					"$(inherited)",
					"@executable_path/Frameworks",
				);
				PRODUCT_BUNDLE_IDENTIFIER = "com.d-tech.Nouvelles-News";
				PRODUCT_NAME = "$(TARGET_NAME)";
				SWIFT_VERSION = 4.2;
				TARGETED_DEVICE_FAMILY = "1,2";
			};
			name = Debug;
		};
		FE2CEAEF20F96F2E00E6B482 /* Release */ = {
			isa = XCBuildConfiguration;
			baseConfigurationReference = 75AA50F88953C0789391482F /* Pods-News-App.release.xcconfig */;
			buildSettings = {
				ASSETCATALOG_COMPILER_APPICON_NAME = AppIcon;
				CODE_SIGN_STYLE = Automatic;
				DEVELOPMENT_TEAM = 855D46T6VW;
				INFOPLIST_FILE = "$(SRCROOT)/Nouvelles-News/Supporting Files/Info.plist";
				LD_RUNPATH_SEARCH_PATHS = (
					"$(inherited)",
					"@executable_path/Frameworks",
				);
				PRODUCT_BUNDLE_IDENTIFIER = "com.d-tech.Nouvelles-News";
				PRODUCT_NAME = "$(TARGET_NAME)";
				SWIFT_VERSION = 4.2;
				TARGETED_DEVICE_FAMILY = "1,2";
			};
			name = Release;
		};
/* End XCBuildConfiguration section */

/* Begin XCConfigurationList section */
		FE2CEAD620F96F2B00E6B482 /* Build configuration list for PBXProject "Nouvelles-News" */ = {
			isa = XCConfigurationList;
			buildConfigurations = (
				FE2CEAEB20F96F2E00E6B482 /* Debug */,
				FE2CEAEC20F96F2E00E6B482 /* Release */,
			);
			defaultConfigurationIsVisible = 0;
			defaultConfigurationName = Release;
		};
		FE2CEAED20F96F2E00E6B482 /* Build configuration list for PBXNativeTarget "Nouvelles-News" */ = {
			isa = XCConfigurationList;
			buildConfigurations = (
				FE2CEAEE20F96F2E00E6B482 /* Debug */,
				FE2CEAEF20F96F2E00E6B482 /* Release */,
			);
			defaultConfigurationIsVisible = 0;
			defaultConfigurationName = Release;
		};
/* End XCConfigurationList section */
	};
	rootObject = FE2CEAD320F96F2B00E6B482 /* Project object */;
}
